github.com/burhon94/alifMux v0.0.0-20200319040859-aa36807e6ae7 h1:X4mNxzzB1MQ7469acxk4wWJeSA9xYIZk70z6vS6rYis=
github.com/burhon94/alifMux v0.0.0-20200319040859-aa36807e6ae7/go.mod h1:k72nNp264B+i5XqNROrgb8hasDyYztVPYThUNAPNjao=
github.com/burhon94/bdi v0.0.0-20200314174333-14a2c983be03 h1:d7eWaYR0cKHva6kp8HiwYm8hsWhsmfST5Bh5Y3MEeC8=
github.com/burhon94/bdi v0.0.0-20200314174333-14a2c983be03/go.mod h1:5dlhKKtK6ZZzW2SIHREuR0apJ60eQmjqiBGER6L9ONc=
github.com/burhon94/jsonwebtoken v0.0.0-20200322082125-a5e30ad4c7e4 h1:RsXiZxuzwZnxgbEfBUJnJub/HOEalezoFrIznap0QHk=
github.com/burhon94/jsonwebtoken v0.0.0-20200322082125-a5e30ad4c7e4/go.mod h1:zigopOAP/nX9V4ZPwbpLCVWRQGjJq6TDRweCfKTUczY=
github.com/burhon94/jwt v0.0.0-20200319035707-991cb14f8892 h1:zWb1bueCDvig03q+dGKbPMNYYsFZ0bnHeT/JcrEd/RA=
github.com/burhon94/jwt v0.0.0-20200319035707-991cb14f8892/go.mod h1:K/VK7E/uuMZqU+SGSEDkCfd1p4hR6MYxQH1R8p2rXGw=
github.com/shuhrat-shokirov/core v0.0.0-20200314215059-e5eba313d5a8/go.mod h1:tZLgizQUo2S4qcAg5FE7PE3R/XqNDk0822XtVIw+u84=
github.com/shuhrat-shokirov/core v0.0.0-20200322002829-34d5c9f2b617 h1:QC/Z1/bv9fFWgeTuWNwLW0Iqb2F7dt0VNLwUMZvgo0k=
github.com/shuhrat-shokirov/core v0.0.0-20200322002829-34d5c9f2b617/go.mod h1:PR30MTZJvFNqNElWFumEbIq7lsbg9fjmMq9QyUifcVc=
github.com/shuhrat-shokirov/jwt v0.0.0-20200314214637-7d38b0010d86 h1:0PPRIjXGi+F1OsKu5kgrEmjAiJIL9pjFI3MrrqkAnyc=
github.com/shuhrat-shokirov/jwt v0.0.0-20200314214637-7d38b0010d86/go.mod h1:2HrX+oB9hHjS4Td6+RMajfMZUAt5HTKsW2gvVIaAG+c=
github.com/shuhrat-shokirov/mux v0.0.0-20200314221019-249136212c96/go.mod h1:r7vQhMtWpDwaZwKmkERXmjqnmxiLj4TxYSZFdcuTvwU=
github.com/shuhrat-shokirov/mux v0.0.0-20200322072821-ffdf3fbb7dfd h1:S8401ny/p0Hyfg0WXbxVB7Wwom1XYIqIIwFBAfGx+WI=
github.com/shuhrat-shokirov/mux v0.0.0-20200322072821-ffdf3fbb7dfd/go.mod h1:r7vQhMtWpDwaZwKmkERXmjqnmxiLj4TxYSZFdcuTvwU=
golang.org/x/crypto v0.0.0-20190308221718-c2843e01d9a2/go.mod h1:djNgcEr1/C05ACkg1iLfiJU5Ep61QUkGW8qpdssI0+w=
golang.org/x/crypto v0.0.0-20200311171314-f7b00557c8c4/go.mod h1:LzIPMQfyMNhhGPhUkYOs5KpL4U8rLKemX1yGLhDgUto=
golang.org/x/crypto v0.0.0-20200320181102-891825fb96df h1:lDWgvUvNnaTnNBc/dwOty86cFeKoKWbwy2wQj0gIxbU=
golang.org/x/crypto v0.0.0-20200320181102-891825fb96df/go.mod h1:LzIPMQfyMNhhGPhUkYOs5KpL4U8rLKemX1yGLhDgUto=
golang.org/x/net v0.0.0-20190404232315-eb5bcb51f2a3/go.mod h1:t9HGtf8HONx5eT2rtn7q6eTqICYqUVnKs3thJo3Qplg=
golang.org/x/sys v0.0.0-20190215142949-d0b11bdaac8a/go.mod h1:STP8DvDyc/dI5b8T5hshtkjS+E42TnysNCUPdjciGhY=
golang.org/x/sys v0.0.0-20190412213103-97732733099d/go.mod h1:h1NjWce9XRLGQEsW7wpKNCjG9DtNlClVuFLEZdDNbEs=
golang.org/x/text v0.3.0/go.mod h1:NqM8EUOU14njkJ3fqMW+pc6Ldnwhi/IjpwHt7yyuwOQ=
